
Microsoft Visual Studio Solution File, Format Version 12.00
# Visual Studio Version 17
VisualStudioVersion = 17.9.34728.123
MinimumVisualStudioVersion = 10.0.40219.1
Project("{9A19103F-16F7-4668-BE54-9A1E7A4F7556}") = "NewTalents", "NewTalents\NewTalents.csproj", "{83CA4490-3498-4FEB-B9F2-C85E765D230A}"
EndProject
Project("{FAE04EC0-301F-11D3-BF4B-00C04F79EFBC}") = "TestNewTalents", "TestNewTalents\TestNewTalents.csproj", "{AF035107-368D-4D93-88DC-066DFFBF2E02}"
EndProject
Global
	GlobalSection(SolutionConfigurationPlatforms) = preSolution
		Debug|Any CPU = Debug|Any CPU
		Release|Any CPU = Release|Any CPU
	EndGlobalSection
	GlobalSection(ProjectConfigurationPlatforms) = postSolution
		{83CA4490-3498-4FEB-B9F2-C85E765D230A}.Debug|Any CPU.ActiveCfg = Debug|Any CPU
		{83CA4490-3498-4FEB-B9F2-C85E765D230A}.Debug|Any CPU.Build.0 = Debug|Any CPU
		{83CA4490-3498-4FEB-B9F2-C85E765D230A}.Release|Any CPU.ActiveCfg = Release|Any CPU
		{83CA4490-3498-4FEB-B9F2-C85E765D230A}.Release|Any CPU.Build.0 = Release|Any CPU
		{AF035107-368D-4D93-88DC-066DFFBF2E02}.Debug|Any CPU.ActiveCfg = Debug|Any CPU
		{AF035107-368D-4D93-88DC-066DFFBF2E02}.Debug|Any CPU.Build.0 = Debug|Any CPU
		{AF035107-368D-4D93-88DC-066DFFBF2E02}.Release|Any CPU.ActiveCfg = Release|Any CPU
		{AF035107-368D-4D93-88DC-066DFFBF2E02}.Release|Any CPU.Build.0 = Release|Any CPU
	EndGlobalSection
	GlobalSection(SolutionProperties) = preSolution
		HideSolutionNode = FALSE
	EndGlobalSection
	GlobalSection(ExtensibilityGlobals) = postSolution
		SolutionGuid = {F2E78FE9-4350-4D26-88A7-5E0605BCA6F9}
	EndGlobalSection
EndGlobal
